
Microsoft Visual Studio Solution File, Format Version 12.00
# Visual Studio Version 16
VisualStudioVersion = 16.0.30804.86
MinimumVisualStudioVersion = 10.0.40219.1
Project("{FAE04EC0-301F-11D3-BF4B-00C04F79EFBC}") = "SCGP.PRICE.APIs", "SCGP.PRICE.APIs\SCGP.PRICE.APIs.csproj", "{E0B15F0F-E89E-4896-98C9-CA5B673E5B57}"
EndProject
Project("{FAE04EC0-301F-11D3-BF4B-00C04F79EFBC}") = "SCGP.PRICE.Core", "SCGP.PRICE.Core\SCGP.PRICE.Core.csproj", "{751D96EC-115B-4078-90E8-1F9DAEE33D45}"
EndProject
Project("{FAE04EC0-301F-11D3-BF4B-00C04F79EFBC}") = "SCGP.PRICE.Models", "SCGP.PRICE.Models\SCGP.PRICE.Models.csproj", "{811DA7E3-E74B-4223-8607-C0CA3434C758}"
EndProject
Global
	GlobalSection(SolutionConfigurationPlatforms) = preSolution
		Debug|Any CPU = Debug|Any CPU
		Release|Any CPU = Release|Any CPU
	EndGlobalSection
	GlobalSection(ProjectConfigurationPlatforms) = postSolution
		{E0B15F0F-E89E-4896-98C9-CA5B673E5B57}.Debug|Any CPU.ActiveCfg = Debug|Any CPU
		{E0B15F0F-E89E-4896-98C9-CA5B673E5B57}.Debug|Any CPU.Build.0 = Debug|Any CPU
		{E0B15F0F-E89E-4896-98C9-CA5B673E5B57}.Release|Any CPU.ActiveCfg = Release|Any CPU
		{E0B15F0F-E89E-4896-98C9-CA5B673E5B57}.Release|Any CPU.Build.0 = Release|Any CPU
		{751D96EC-115B-4078-90E8-1F9DAEE33D45}.Debug|Any CPU.ActiveCfg = Debug|Any CPU
		{751D96EC-115B-4078-90E8-1F9DAEE33D45}.Debug|Any CPU.Build.0 = Debug|Any CPU
		{751D96EC-115B-4078-90E8-1F9DAEE33D45}.Release|Any CPU.ActiveCfg = Release|Any CPU
		{751D96EC-115B-4078-90E8-1F9DAEE33D45}.Release|Any CPU.Build.0 = Release|Any CPU
		{811DA7E3-E74B-4223-8607-C0CA3434C758}.Debug|Any CPU.ActiveCfg = Debug|Any CPU
		{811DA7E3-E74B-4223-8607-C0CA3434C758}.Debug|Any CPU.Build.0 = Debug|Any CPU
		{811DA7E3-E74B-4223-8607-C0CA3434C758}.Release|Any CPU.ActiveCfg = Release|Any CPU
		{811DA7E3-E74B-4223-8607-C0CA3434C758}.Release|Any CPU.Build.0 = Release|Any CPU
	EndGlobalSection
	GlobalSection(SolutionProperties) = preSolution
		HideSolutionNode = FALSE
	EndGlobalSection
	GlobalSection(ExtensibilityGlobals) = postSolution
		SolutionGuid = {9F77383C-4DD5-4230-9600-29DDA88141C8}
	EndGlobalSection
EndGlobal
